
Microsoft Visual Studio Solution File, Format Version 12.00
# Visual Studio Version 17
VisualStudioVersion = 17.3.32929.385
MinimumVisualStudioVersion = 10.0.40219.1
Project("{FAE04EC0-301F-11D3-BF4B-00C04F79EFBC}") = "DataTable Methods", "DataTable Methods\DataTable Methods.csproj", "{35FD717E-E038-4CBD-B3C4-7EFCD14007E5}"
EndProject
Global
	GlobalSection(SolutionConfigurationPlatforms) = preSolution
		Debug|Any CPU = Debug|Any CPU
		Release|Any CPU = Release|Any CPU
	EndGlobalSection
	GlobalSection(ProjectConfigurationPlatforms) = postSolution
		{35FD717E-E038-4CBD-B3C4-7EFCD14007E5}.Debug|Any CPU.ActiveCfg = Debug|Any CPU
		{35FD717E-E038-4CBD-B3C4-7EFCD14007E5}.Debug|Any CPU.Build.0 = Debug|Any CPU
		{35FD717E-E038-4CBD-B3C4-7EFCD14007E5}.Release|Any CPU.ActiveCfg = Release|Any CPU
		{35FD717E-E038-4CBD-B3C4-7EFCD14007E5}.Release|Any CPU.Build.0 = Release|Any CPU
	EndGlobalSection
	GlobalSection(SolutionProperties) = preSolution
		HideSolutionNode = FALSE
	EndGlobalSection
	GlobalSection(ExtensibilityGlobals) = postSolution
		SolutionGuid = {A61A5998-91C2-438B-859C-FCDD3ECF08E8}
	EndGlobalSection
EndGlobal
