
Microsoft Visual Studio Solution File, Format Version 12.00
# Visual Studio Version 17
VisualStudioVersion = 17.3.32929.385
MinimumVisualStudioVersion = 10.0.40219.1
Project("{FAE04EC0-301F-11D3-BF4B-00C04F79EFBC}") = "ADO.NET DataTable", "ADO.NET DataTable\ADO.NET DataTable.csproj", "{A5197565-EA94-4DB8-BD45-9BC58BF9E6DB}"
EndProject
Global
	GlobalSection(SolutionConfigurationPlatforms) = preSolution
		Debug|Any CPU = Debug|Any CPU
		Release|Any CPU = Release|Any CPU
	EndGlobalSection
	GlobalSection(ProjectConfigurationPlatforms) = postSolution
		{A5197565-EA94-4DB8-BD45-9BC58BF9E6DB}.Debug|Any CPU.ActiveCfg = Debug|Any CPU
		{A5197565-EA94-4DB8-BD45-9BC58BF9E6DB}.Debug|Any CPU.Build.0 = Debug|Any CPU
		{A5197565-EA94-4DB8-BD45-9BC58BF9E6DB}.Release|Any CPU.ActiveCfg = Release|Any CPU
		{A5197565-EA94-4DB8-BD45-9BC58BF9E6DB}.Release|Any CPU.Build.0 = Release|Any CPU
	EndGlobalSection
	GlobalSection(SolutionProperties) = preSolution
		HideSolutionNode = FALSE
	EndGlobalSection
	GlobalSection(ExtensibilityGlobals) = postSolution
		SolutionGuid = {0CEC66D0-8CD5-40E6-9C70-0EBB65A6946B}
	EndGlobalSection
EndGlobal
