
Microsoft Visual Studio Solution File, Format Version 12.00
# Visual Studio Version 17
VisualStudioVersion = 17.3.32929.385
MinimumVisualStudioVersion = 10.0.40219.1
Project("{FAE04EC0-301F-11D3-BF4B-00C04F79EFBC}") = "Single Database Transaction using ADO.NET", "Single Database Transaction using ADO.NET\Single Database Transaction using ADO.NET.csproj", "{A3B0EEBD-8A7A-4A53-994F-F1B001BFF43F}"
EndProject
Global
	GlobalSection(SolutionConfigurationPlatforms) = preSolution
		Debug|Any CPU = Debug|Any CPU
		Release|Any CPU = Release|Any CPU
	EndGlobalSection
	GlobalSection(ProjectConfigurationPlatforms) = postSolution
		{A3B0EEBD-8A7A-4A53-994F-F1B001BFF43F}.Debug|Any CPU.ActiveCfg = Debug|Any CPU
		{A3B0EEBD-8A7A-4A53-994F-F1B001BFF43F}.Debug|Any CPU.Build.0 = Debug|Any CPU
		{A3B0EEBD-8A7A-4A53-994F-F1B001BFF43F}.Release|Any CPU.ActiveCfg = Release|Any CPU
		{A3B0EEBD-8A7A-4A53-994F-F1B001BFF43F}.Release|Any CPU.Build.0 = Release|Any CPU
	EndGlobalSection
	GlobalSection(SolutionProperties) = preSolution
		HideSolutionNode = FALSE
	EndGlobalSection
	GlobalSection(ExtensibilityGlobals) = postSolution
		SolutionGuid = {4D5642D4-10FD-4933-B82F-6DE50565F564}
	EndGlobalSection
EndGlobal
