
Microsoft Visual Studio Solution File, Format Version 12.00
# Visual Studio Version 17
VisualStudioVersion = 17.3.32929.385
MinimumVisualStudioVersion = 10.0.40219.1
Project("{FAE04EC0-301F-11D3-BF4B-00C04F79EFBC}") = "Establish a connection to SQL Server database", "Establish a connection to SQL Server database\Establish a connection to SQL Server database.csproj", "{BBD88C9E-2D82-491C-9BA2-5461E66CDB68}"
EndProject
Global
	GlobalSection(SolutionConfigurationPlatforms) = preSolution
		Debug|Any CPU = Debug|Any CPU
		Release|Any CPU = Release|Any CPU
	EndGlobalSection
	GlobalSection(ProjectConfigurationPlatforms) = postSolution
		{BBD88C9E-2D82-491C-9BA2-5461E66CDB68}.Debug|Any CPU.ActiveCfg = Debug|Any CPU
		{BBD88C9E-2D82-491C-9BA2-5461E66CDB68}.Debug|Any CPU.Build.0 = Debug|Any CPU
		{BBD88C9E-2D82-491C-9BA2-5461E66CDB68}.Release|Any CPU.ActiveCfg = Release|Any CPU
		{BBD88C9E-2D82-491C-9BA2-5461E66CDB68}.Release|Any CPU.Build.0 = Release|Any CPU
	EndGlobalSection
	GlobalSection(SolutionProperties) = preSolution
		HideSolutionNode = FALSE
	EndGlobalSection
	GlobalSection(ExtensibilityGlobals) = postSolution
		SolutionGuid = {890F1FAB-57F8-458E-990D-472FA662038F}
	EndGlobalSection
EndGlobal
